
Microsoft Visual Studio Solution File, Format Version 12.00
# Visual Studio Version 17
VisualStudioVersion = 17.5.33516.290
MinimumVisualStudioVersion = 10.0.40219.1
Project("{2150E333-8FDC-42A3-9474-1A3956D46DE8}") = "ApiConsume", "ApiConsume", "{E2A46780-2522-400E-9210-B8957F95BFD2}"
EndProject
Project("{2150E333-8FDC-42A3-9474-1A3956D46DE8}") = "FrontEnd", "FrontEnd", "{A9739850-B5F1-45FA-8798-255E61072D90}"
EndProject
Project("{2150E333-8FDC-42A3-9474-1A3956D46DE8}") = "ToDoList", "ToDoList", "{470CE4BD-755A-49E3-A132-A736D3168EBE}"
	ProjectSection(SolutionItems) = preProject
		Adımlar.txt = Adımlar.txt
	EndProjectSection
EndProject
Project("{9A19103F-16F7-4668-BE54-9A1E7A4F7556}") = "HotelProject.WebApi", "ApiConsume\HotelProject.WebApi\HotelProject.WebApi.csproj", "{37FD6A74-3E35-4288-96E3-CEEB285A822D}"
EndProject
Project("{9A19103F-16F7-4668-BE54-9A1E7A4F7556}") = "HotelProject.EntityLayer", "ApiConsume\HotelProject.EntityLayer\HotelProject.EntityLayer.csproj", "{1BDB6C88-D663-4A2B-89AE-FD11464BBC2D}"
EndProject
Project("{9A19103F-16F7-4668-BE54-9A1E7A4F7556}") = "HotelProject.DataAccesLayer", "ApiConsume\HotelProject.DataAccesLayer\HotelProject.DataAccesLayer.csproj", "{E89FA7FF-8707-4D84-B1C4-140E87ECF163}"
EndProject
Project("{9A19103F-16F7-4668-BE54-9A1E7A4F7556}") = "HotelProject.BusinessLayer", "ApiConsume\HotelProject.BusinessLayer\HotelProject.BusinessLayer.csproj", "{60E88BDE-8BB4-487A-B0EC-2F07D73E5111}"
EndProject
Project("{9A19103F-16F7-4668-BE54-9A1E7A4F7556}") = "HotelProject.DtoLayer", "ApiConsume\HotelProject.DtoLayer\HotelProject.DtoLayer.csproj", "{197DC37B-902E-4A02-883C-25AB47C14025}"
EndProject
Project("{9A19103F-16F7-4668-BE54-9A1E7A4F7556}") = "HotelProject.WebUI", "FrontEnd\HotelProject.WebUI\HotelProject.WebUI.csproj", "{F493F0F7-A4BB-4F1B-80D4-4E91E9FD3605}"
EndProject
Project("{2150E333-8FDC-42A3-9474-1A3956D46DE8}") = "RapiApi", "RapiApi", "{F8D1837C-BB60-4BA9-9187-1544DC04396D}"
EndProject
Project("{FAE04EC0-301F-11D3-BF4B-00C04F79EFBC}") = "RapidApiConsume", "RapidApi\RapidApiConsume\RapidApiConsume.csproj", "{036E1E33-735B-40C0-9638-3853DFD3D605}"
EndProject
Project("{2150E333-8FDC-42A3-9474-1A3956D46DE8}") = "JwtProject", "JwtProject", "{EE2E9D93-2BBC-4BBF-8F25-E83B6F28599C}"
EndProject
Project("{FAE04EC0-301F-11D3-BF4B-00C04F79EFBC}") = "WebApiJwt", "WebApiJwt\WebApiJwt\WebApiJwt.csproj", "{F879CB7B-CA06-4BCA-8A55-3CA8A6D75732}"
EndProject
Global
	GlobalSection(SolutionConfigurationPlatforms) = preSolution
		Debug|Any CPU = Debug|Any CPU
		Release|Any CPU = Release|Any CPU
	EndGlobalSection
	GlobalSection(ProjectConfigurationPlatforms) = postSolution
		{37FD6A74-3E35-4288-96E3-CEEB285A822D}.Debug|Any CPU.ActiveCfg = Debug|Any CPU
		{37FD6A74-3E35-4288-96E3-CEEB285A822D}.Debug|Any CPU.Build.0 = Debug|Any CPU
		{37FD6A74-3E35-4288-96E3-CEEB285A822D}.Release|Any CPU.ActiveCfg = Release|Any CPU
		{37FD6A74-3E35-4288-96E3-CEEB285A822D}.Release|Any CPU.Build.0 = Release|Any CPU
		{1BDB6C88-D663-4A2B-89AE-FD11464BBC2D}.Debug|Any CPU.ActiveCfg = Debug|Any CPU
		{1BDB6C88-D663-4A2B-89AE-FD11464BBC2D}.Debug|Any CPU.Build.0 = Debug|Any CPU
		{1BDB6C88-D663-4A2B-89AE-FD11464BBC2D}.Release|Any CPU.ActiveCfg = Release|Any CPU
		{1BDB6C88-D663-4A2B-89AE-FD11464BBC2D}.Release|Any CPU.Build.0 = Release|Any CPU
		{E89FA7FF-8707-4D84-B1C4-140E87ECF163}.Debug|Any CPU.ActiveCfg = Debug|Any CPU
		{E89FA7FF-8707-4D84-B1C4-140E87ECF163}.Debug|Any CPU.Build.0 = Debug|Any CPU
		{E89FA7FF-8707-4D84-B1C4-140E87ECF163}.Release|Any CPU.ActiveCfg = Release|Any CPU
		{E89FA7FF-8707-4D84-B1C4-140E87ECF163}.Release|Any CPU.Build.0 = Release|Any CPU
		{60E88BDE-8BB4-487A-B0EC-2F07D73E5111}.Debug|Any CPU.ActiveCfg = Debug|Any CPU
		{60E88BDE-8BB4-487A-B0EC-2F07D73E5111}.Debug|Any CPU.Build.0 = Debug|Any CPU
		{60E88BDE-8BB4-487A-B0EC-2F07D73E5111}.Release|Any CPU.ActiveCfg = Release|Any CPU
		{60E88BDE-8BB4-487A-B0EC-2F07D73E5111}.Release|Any CPU.Build.0 = Release|Any CPU
		{197DC37B-902E-4A02-883C-25AB47C14025}.Debug|Any CPU.ActiveCfg = Debug|Any CPU
		{197DC37B-902E-4A02-883C-25AB47C14025}.Debug|Any CPU.Build.0 = Debug|Any CPU
		{197DC37B-902E-4A02-883C-25AB47C14025}.Release|Any CPU.ActiveCfg = Release|Any CPU
		{197DC37B-902E-4A02-883C-25AB47C14025}.Release|Any CPU.Build.0 = Release|Any CPU
		{F493F0F7-A4BB-4F1B-80D4-4E91E9FD3605}.Debug|Any CPU.ActiveCfg = Debug|Any CPU
		{F493F0F7-A4BB-4F1B-80D4-4E91E9FD3605}.Debug|Any CPU.Build.0 = Debug|Any CPU
		{F493F0F7-A4BB-4F1B-80D4-4E91E9FD3605}.Release|Any CPU.ActiveCfg = Release|Any CPU
		{F493F0F7-A4BB-4F1B-80D4-4E91E9FD3605}.Release|Any CPU.Build.0 = Release|Any CPU
		{036E1E33-735B-40C0-9638-3853DFD3D605}.Debug|Any CPU.ActiveCfg = Debug|Any CPU
		{036E1E33-735B-40C0-9638-3853DFD3D605}.Debug|Any CPU.Build.0 = Debug|Any CPU
		{036E1E33-735B-40C0-9638-3853DFD3D605}.Release|Any CPU.ActiveCfg = Release|Any CPU
		{036E1E33-735B-40C0-9638-3853DFD3D605}.Release|Any CPU.Build.0 = Release|Any CPU
		{F879CB7B-CA06-4BCA-8A55-3CA8A6D75732}.Debug|Any CPU.ActiveCfg = Debug|Any CPU
		{F879CB7B-CA06-4BCA-8A55-3CA8A6D75732}.Debug|Any CPU.Build.0 = Debug|Any CPU
		{F879CB7B-CA06-4BCA-8A55-3CA8A6D75732}.Release|Any CPU.ActiveCfg = Release|Any CPU
		{F879CB7B-CA06-4BCA-8A55-3CA8A6D75732}.Release|Any CPU.Build.0 = Release|Any CPU
	EndGlobalSection
	GlobalSection(SolutionProperties) = preSolution
		HideSolutionNode = FALSE
	EndGlobalSection
	GlobalSection(NestedProjects) = preSolution
		{37FD6A74-3E35-4288-96E3-CEEB285A822D} = {E2A46780-2522-400E-9210-B8957F95BFD2}
		{1BDB6C88-D663-4A2B-89AE-FD11464BBC2D} = {E2A46780-2522-400E-9210-B8957F95BFD2}
		{E89FA7FF-8707-4D84-B1C4-140E87ECF163} = {E2A46780-2522-400E-9210-B8957F95BFD2}
		{60E88BDE-8BB4-487A-B0EC-2F07D73E5111} = {E2A46780-2522-400E-9210-B8957F95BFD2}
		{197DC37B-902E-4A02-883C-25AB47C14025} = {E2A46780-2522-400E-9210-B8957F95BFD2}
		{F493F0F7-A4BB-4F1B-80D4-4E91E9FD3605} = {A9739850-B5F1-45FA-8798-255E61072D90}
		{036E1E33-735B-40C0-9638-3853DFD3D605} = {F8D1837C-BB60-4BA9-9187-1544DC04396D}
		{F879CB7B-CA06-4BCA-8A55-3CA8A6D75732} = {EE2E9D93-2BBC-4BBF-8F25-E83B6F28599C}
	EndGlobalSection
	GlobalSection(ExtensibilityGlobals) = postSolution
		SolutionGuid = {2DFE7C4A-8F73-4A9F-BFFC-8B9541278CBC}
	EndGlobalSection
EndGlobal
